
Microsoft Visual Studio Solution File, Format Version 11.00
# Visual Studio 2010
Project("{FAE04EC0-301F-11D3-BF4B-00C04F79EFBC}") = "Warships_1.0v1", "Assembly-CSharp.csproj", "{B76F0156-C229-140E-55E6-04169A1BDA79}"
EndProject
Global
	GlobalSection(SolutionConfigurationPlatforms) = preSolution
		Debug|Any CPU = Debug|Any CPU
		Release|Any CPU = Release|Any CPU
	EndGlobalSection
	GlobalSection(ProjectConfigurationPlatforms) = postSolution
		{B76F0156-C229-140E-55E6-04169A1BDA79}.Debug|Any CPU.ActiveCfg = Debug|Any CPU
		{B76F0156-C229-140E-55E6-04169A1BDA79}.Debug|Any CPU.Build.0 = Debug|Any CPU
		{B76F0156-C229-140E-55E6-04169A1BDA79}.Release|Any CPU.ActiveCfg = Release|Any CPU
		{B76F0156-C229-140E-55E6-04169A1BDA79}.Release|Any CPU.Build.0 = Release|Any CPU
	EndGlobalSection
	GlobalSection(SolutionProperties) = preSolution
		HideSolutionNode = FALSE
	EndGlobalSection
	GlobalSection(MonoDevelopProperties) = preSolution
		StartupItem = Assembly-CSharp.csproj
	EndGlobalSection
EndGlobal
